
Microsoft Visual Studio Solution File, Format Version 12.00
# Visual Studio Version 17
VisualStudioVersion = 17.0.31903.59
MinimumVisualStudioVersion = 10.0.40219.1
Project("{2150E333-8FDC-42A3-9474-1A3956D46DE8}") = "apps", "apps", "{1787FE1D-075E-9E68-7218-25F1BD1BBEAB}"
EndProject
Project("{2150E333-8FDC-42A3-9474-1A3956D46DE8}") = "api", "api", "{BC2D172B-13BC-136C-CDB1-4B1A687208C4}"
EndProject
Project("{FAE04EC0-301F-11D3-BF4B-00C04F79EFBC}") = "RestaurantOrder.Api", "apps\api\RestaurantOrder.Api.csproj", "{A8EA76F6-8FE4-4732-9D34-2590A829CFAD}"
EndProject
Project("{2150E333-8FDC-42A3-9474-1A3956D46DE8}") = "worker", "worker", "{82AC7ADD-723F-E433-2729-6F05EB21E721}"
EndProject
Project("{FAE04EC0-301F-11D3-BF4B-00C04F79EFBC}") = "RestaurantOrder.Worker", "apps\worker\RestaurantOrder.Worker.csproj", "{F0E00AE6-3A35-4970-B873-31461B01FD2F}"
EndProject
Project("{2150E333-8FDC-42A3-9474-1A3956D46DE8}") = "tests", "tests", "{0AB3BF05-4346-4AA6-1389-037BE0695223}"
EndProject
Project("{2150E333-8FDC-42A3-9474-1A3956D46DE8}") = "architecture", "architecture", "{875CD587-DE2F-08EE-74FB-D6BE4E474EF3}"
EndProject
Project("{FAE04EC0-301F-11D3-BF4B-00C04F79EFBC}") = "RestaurantOrder.ArchitectureTests", "tests\architecture\RestaurantOrder.ArchitectureTests.csproj", "{790E0CBE-3E66-4928-B56B-7DBC905D5B4A}"
EndProject
Project("{2150E333-8FDC-42A3-9474-1A3956D46DE8}") = "integration", "integration", "{28A6993C-471E-82FE-7D9E-AD3B1EC22BD9}"
EndProject
Project("{FAE04EC0-301F-11D3-BF4B-00C04F79EFBC}") = "RestaurantOrder.IntegrationTests", "tests\integration\RestaurantOrder.IntegrationTests.csproj", "{132BAA38-3244-475A-904A-84C513FC33BE}"
EndProject
Global
	GlobalSection(SolutionConfigurationPlatforms) = preSolution
		Debug|Any CPU = Debug|Any CPU
		Debug|x64 = Debug|x64
		Debug|x86 = Debug|x86
		Release|Any CPU = Release|Any CPU
		Release|x64 = Release|x64
		Release|x86 = Release|x86
	EndGlobalSection
	GlobalSection(ProjectConfigurationPlatforms) = postSolution
		{A8EA76F6-8FE4-4732-9D34-2590A829CFAD}.Debug|Any CPU.ActiveCfg = Debug|Any CPU
		{A8EA76F6-8FE4-4732-9D34-2590A829CFAD}.Debug|Any CPU.Build.0 = Debug|Any CPU
		{A8EA76F6-8FE4-4732-9D34-2590A829CFAD}.Debug|x64.ActiveCfg = Debug|Any CPU
		{A8EA76F6-8FE4-4732-9D34-2590A829CFAD}.Debug|x64.Build.0 = Debug|Any CPU
		{A8EA76F6-8FE4-4732-9D34-2590A829CFAD}.Debug|x86.ActiveCfg = Debug|Any CPU
		{A8EA76F6-8FE4-4732-9D34-2590A829CFAD}.Debug|x86.Build.0 = Debug|Any CPU
		{A8EA76F6-8FE4-4732-9D34-2590A829CFAD}.Release|Any CPU.ActiveCfg = Release|Any CPU
		{A8EA76F6-8FE4-4732-9D34-2590A829CFAD}.Release|Any CPU.Build.0 = Release|Any CPU
		{A8EA76F6-8FE4-4732-9D34-2590A829CFAD}.Release|x64.ActiveCfg = Release|Any CPU
		{A8EA76F6-8FE4-4732-9D34-2590A829CFAD}.Release|x64.Build.0 = Release|Any CPU
		{A8EA76F6-8FE4-4732-9D34-2590A829CFAD}.Release|x86.ActiveCfg = Release|Any CPU
		{A8EA76F6-8FE4-4732-9D34-2590A829CFAD}.Release|x86.Build.0 = Release|Any CPU
		{F0E00AE6-3A35-4970-B873-31461B01FD2F}.Debug|Any CPU.ActiveCfg = Debug|Any CPU
		{F0E00AE6-3A35-4970-B873-31461B01FD2F}.Debug|Any CPU.Build.0 = Debug|Any CPU
		{F0E00AE6-3A35-4970-B873-31461B01FD2F}.Debug|x64.ActiveCfg = Debug|Any CPU
		{F0E00AE6-3A35-4970-B873-31461B01FD2F}.Debug|x64.Build.0 = Debug|Any CPU
		{F0E00AE6-3A35-4970-B873-31461B01FD2F}.Debug|x86.ActiveCfg = Debug|Any CPU
		{F0E00AE6-3A35-4970-B873-31461B01FD2F}.Debug|x86.Build.0 = Debug|Any CPU
		{F0E00AE6-3A35-4970-B873-31461B01FD2F}.Release|Any CPU.ActiveCfg = Release|Any CPU
		{F0E00AE6-3A35-4970-B873-31461B01FD2F}.Release|Any CPU.Build.0 = Release|Any CPU
		{F0E00AE6-3A35-4970-B873-31461B01FD2F}.Release|x64.ActiveCfg = Release|Any CPU
		{F0E00AE6-3A35-4970-B873-31461B01FD2F}.Release|x64.Build.0 = Release|Any CPU
		{F0E00AE6-3A35-4970-B873-31461B01FD2F}.Release|x86.ActiveCfg = Release|Any CPU
		{F0E00AE6-3A35-4970-B873-31461B01FD2F}.Release|x86.Build.0 = Release|Any CPU
		{790E0CBE-3E66-4928-B56B-7DBC905D5B4A}.Debug|Any CPU.ActiveCfg = Debug|Any CPU
		{790E0CBE-3E66-4928-B56B-7DBC905D5B4A}.Debug|Any CPU.Build.0 = Debug|Any CPU
		{790E0CBE-3E66-4928-B56B-7DBC905D5B4A}.Debug|x64.ActiveCfg = Debug|Any CPU
		{790E0CBE-3E66-4928-B56B-7DBC905D5B4A}.Debug|x64.Build.0 = Debug|Any CPU
		{790E0CBE-3E66-4928-B56B-7DBC905D5B4A}.Debug|x86.ActiveCfg = Debug|Any CPU
		{790E0CBE-3E66-4928-B56B-7DBC905D5B4A}.Debug|x86.Build.0 = Debug|Any CPU
		{790E0CBE-3E66-4928-B56B-7DBC905D5B4A}.Release|Any CPU.ActiveCfg = Release|Any CPU
		{790E0CBE-3E66-4928-B56B-7DBC905D5B4A}.Release|Any CPU.Build.0 = Release|Any CPU
		{790E0CBE-3E66-4928-B56B-7DBC905D5B4A}.Release|x64.ActiveCfg = Release|Any CPU
		{790E0CBE-3E66-4928-B56B-7DBC905D5B4A}.Release|x64.Build.0 = Release|Any CPU
		{790E0CBE-3E66-4928-B56B-7DBC905D5B4A}.Release|x86.ActiveCfg = Release|Any CPU
		{790E0CBE-3E66-4928-B56B-7DBC905D5B4A}.Release|x86.Build.0 = Release|Any CPU
		{132BAA38-3244-475A-904A-84C513FC33BE}.Debug|Any CPU.ActiveCfg = Debug|Any CPU
		{132BAA38-3244-475A-904A-84C513FC33BE}.Debug|Any CPU.Build.0 = Debug|Any CPU
		{132BAA38-3244-475A-904A-84C513FC33BE}.Debug|x64.ActiveCfg = Debug|Any CPU
		{132BAA38-3244-475A-904A-84C513FC33BE}.Debug|x64.Build.0 = Debug|Any CPU
		{132BAA38-3244-475A-904A-84C513FC33BE}.Debug|x86.ActiveCfg = Debug|Any CPU
		{132BAA38-3244-475A-904A-84C513FC33BE}.Debug|x86.Build.0 = Debug|Any CPU
		{132BAA38-3244-475A-904A-84C513FC33BE}.Release|Any CPU.ActiveCfg = Release|Any CPU
		{132BAA38-3244-475A-904A-84C513FC33BE}.Release|Any CPU.Build.0 = Release|Any CPU
		{132BAA38-3244-475A-904A-84C513FC33BE}.Release|x64.ActiveCfg = Release|Any CPU
		{132BAA38-3244-475A-904A-84C513FC33BE}.Release|x64.Build.0 = Release|Any CPU
		{132BAA38-3244-475A-904A-84C513FC33BE}.Release|x86.ActiveCfg = Release|Any CPU
		{132BAA38-3244-475A-904A-84C513FC33BE}.Release|x86.Build.0 = Release|Any CPU
	EndGlobalSection
	GlobalSection(SolutionProperties) = preSolution
		HideSolutionNode = FALSE
	EndGlobalSection
	GlobalSection(NestedProjects) = preSolution
		{BC2D172B-13BC-136C-CDB1-4B1A687208C4} = {1787FE1D-075E-9E68-7218-25F1BD1BBEAB}
		{A8EA76F6-8FE4-4732-9D34-2590A829CFAD} = {BC2D172B-13BC-136C-CDB1-4B1A687208C4}
		{82AC7ADD-723F-E433-2729-6F05EB21E721} = {1787FE1D-075E-9E68-7218-25F1BD1BBEAB}
		{F0E00AE6-3A35-4970-B873-31461B01FD2F} = {82AC7ADD-723F-E433-2729-6F05EB21E721}
		{875CD587-DE2F-08EE-74FB-D6BE4E474EF3} = {0AB3BF05-4346-4AA6-1389-037BE0695223}
		{790E0CBE-3E66-4928-B56B-7DBC905D5B4A} = {875CD587-DE2F-08EE-74FB-D6BE4E474EF3}
		{28A6993C-471E-82FE-7D9E-AD3B1EC22BD9} = {0AB3BF05-4346-4AA6-1389-037BE0695223}
		{132BAA38-3244-475A-904A-84C513FC33BE} = {28A6993C-471E-82FE-7D9E-AD3B1EC22BD9}
	EndGlobalSection
EndGlobal
